{
  "nodes": {
    "nixpkgs": {
      "locked": {
        "lastModified": 1740119559,
        "narHash": "sha256-EIhVxtGGn7i8QLiCG3xVI+fe+PZJHZ5QIzq+SM1HTlY=",
        "owner": "nixos",
        "repo": "nixpkgs",
        "rev": "cd7bd857f9784489aedf27c82af335e1e768dce8",
        "type": "github"
      },
      "original": {
        "owner": "nixos",
        "ref": "master",
        "repo": "nixpkgs",
        "type": "github"
      }
    },
    "root": {
      "inputs": {
        "nixpkgs": "nixpkgs"
      }
    }
  },
  "root": "root",
  "version": 7
}
